{
  "name": "soft-engg-project-may-2025-se-May-17-Ummi",
  "lockfileVersion": 3,
  "requires": true,
  "packages": {
    "": {
      "dependencies": {
        "@cycjimmy/vue-h5-audio-controls": "^2.1.0"
      }
    },
    "node_modules/@cycjimmy/vue-h5-audio-controls": {
      "version": "2.1.0",
      "resolved": "https://registry.npmjs.org/@cycjimmy/vue-h5-audio-controls/-/vue-h5-audio-controls-2.1.0.tgz",
      "integrity": "sha512-1yySfHFkFftyPyX59fTHm3d8bDbzPIBCs4BqvIkH3vgakTNFMY7deYjWgng67hGwdMYpAozvb0vLFCaTH18tBA=="
    }
  }
}
